
Microsoft Visual Studio Solution File, Format Version 12.00
# Visual Studio Version 17
VisualStudioVersion = 17.6.33815.320
MinimumVisualStudioVersion = 10.0.40219.1
Project("{FAE04EC0-301F-11D3-BF4B-00C04F79EFBC}") = "Ex_1", "Ex_1\Ex_1.csproj", "{A1BBF406-7F7A-4884-A309-E288B464A23C}"
EndProject
Global
	GlobalSection(SolutionConfigurationPlatforms) = preSolution
		Debug|Any CPU = Debug|Any CPU
		Release|Any CPU = Release|Any CPU
	EndGlobalSection
	GlobalSection(ProjectConfigurationPlatforms) = postSolution
		{A1BBF406-7F7A-4884-A309-E288B464A23C}.Debug|Any CPU.ActiveCfg = Debug|Any CPU
		{A1BBF406-7F7A-4884-A309-E288B464A23C}.Debug|Any CPU.Build.0 = Debug|Any CPU
		{A1BBF406-7F7A-4884-A309-E288B464A23C}.Release|Any CPU.ActiveCfg = Release|Any CPU
		{A1BBF406-7F7A-4884-A309-E288B464A23C}.Release|Any CPU.Build.0 = Release|Any CPU
	EndGlobalSection
	GlobalSection(SolutionProperties) = preSolution
		HideSolutionNode = FALSE
	EndGlobalSection
	GlobalSection(ExtensibilityGlobals) = postSolution
		SolutionGuid = {39A9184F-5DA0-4C5E-BE83-892143928478}
	EndGlobalSection
EndGlobal
